
Microsoft Visual Studio Solution File, Format Version 12.00
# Visual Studio Version 16
VisualStudioVersion = 16.0.30503.244
MinimumVisualStudioVersion = 10.0.40219.1
Project("{8BC9CEB8-8B4A-11D0-8D11-00A0C91BC942}") = "Lab trees", "Lab trees.vcxproj", "{BFEA6C65-6827-45E8-9448-8200B7A43E48}"
EndProject
Global
	GlobalSection(SolutionConfigurationPlatforms) = preSolution
		Debug|x64 = Debug|x64
		Debug|x86 = Debug|x86
		Release|x64 = Release|x64
		Release|x86 = Release|x86
	EndGlobalSection
	GlobalSection(ProjectConfigurationPlatforms) = postSolution
		{BFEA6C65-6827-45E8-9448-8200B7A43E48}.Debug|x64.ActiveCfg = Debug|x64
		{BFEA6C65-6827-45E8-9448-8200B7A43E48}.Debug|x64.Build.0 = Debug|x64
		{BFEA6C65-6827-45E8-9448-8200B7A43E48}.Debug|x86.ActiveCfg = Debug|Win32
		{BFEA6C65-6827-45E8-9448-8200B7A43E48}.Debug|x86.Build.0 = Debug|Win32
		{BFEA6C65-6827-45E8-9448-8200B7A43E48}.Release|x64.ActiveCfg = Release|x64
		{BFEA6C65-6827-45E8-9448-8200B7A43E48}.Release|x64.Build.0 = Release|x64
		{BFEA6C65-6827-45E8-9448-8200B7A43E48}.Release|x86.ActiveCfg = Release|Win32
		{BFEA6C65-6827-45E8-9448-8200B7A43E48}.Release|x86.Build.0 = Release|Win32
	EndGlobalSection
	GlobalSection(SolutionProperties) = preSolution
		HideSolutionNode = FALSE
	EndGlobalSection
	GlobalSection(ExtensibilityGlobals) = postSolution
		SolutionGuid = {8F345D7D-DCEE-401D-8813-2A92F6EDC0D5}
	EndGlobalSection
EndGlobal
